
Microsoft Visual Studio Solution File, Format Version 12.00
# Visual Studio Version 17
VisualStudioVersion = 17.3.32929.385
MinimumVisualStudioVersion = 10.0.40219.1
Project("{9A19103F-16F7-4668-BE54-9A1E7A4F7556}") = "WamjamJumboSlam", "WamjamJumboSlam\WamjamJumboSlam.csproj", "{98724500-25EC-40E1-BE49-CA49BF960EBB}"
EndProject
Project("{FAE04EC0-301F-11D3-BF4B-00C04F79EFBC}") = "Contacts", "Contacts\Contacts.csproj", "{B0B2F7E3-A72B-402D-8D4F-3DD24AA452D5}"
EndProject
Global
	GlobalSection(SolutionConfigurationPlatforms) = preSolution
		Debug|Any CPU = Debug|Any CPU
		Release|Any CPU = Release|Any CPU
	EndGlobalSection
	GlobalSection(ProjectConfigurationPlatforms) = postSolution
		{98724500-25EC-40E1-BE49-CA49BF960EBB}.Debug|Any CPU.ActiveCfg = Debug|Any CPU
		{98724500-25EC-40E1-BE49-CA49BF960EBB}.Debug|Any CPU.Build.0 = Debug|Any CPU
		{98724500-25EC-40E1-BE49-CA49BF960EBB}.Release|Any CPU.ActiveCfg = Release|Any CPU
		{98724500-25EC-40E1-BE49-CA49BF960EBB}.Release|Any CPU.Build.0 = Release|Any CPU
		{B0B2F7E3-A72B-402D-8D4F-3DD24AA452D5}.Debug|Any CPU.ActiveCfg = Debug|Any CPU
		{B0B2F7E3-A72B-402D-8D4F-3DD24AA452D5}.Debug|Any CPU.Build.0 = Debug|Any CPU
		{B0B2F7E3-A72B-402D-8D4F-3DD24AA452D5}.Release|Any CPU.ActiveCfg = Release|Any CPU
		{B0B2F7E3-A72B-402D-8D4F-3DD24AA452D5}.Release|Any CPU.Build.0 = Release|Any CPU
	EndGlobalSection
	GlobalSection(SolutionProperties) = preSolution
		HideSolutionNode = FALSE
	EndGlobalSection
	GlobalSection(ExtensibilityGlobals) = postSolution
		SolutionGuid = {EBFD0DD1-902D-4BBD-846C-EEF7ECD109B2}
	EndGlobalSection
EndGlobal
